
Microsoft Visual Studio Solution File, Format Version 12.00
# Visual Studio Version 16
VisualStudioVersion = 16.0.31729.503
MinimumVisualStudioVersion = 10.0.40219.1
Project("{8BC9CEB8-8B4A-11D0-8D11-00A0C91BC942}") = "Sorting", "Sorting\Sorting.vcxproj", "{A73BE7DC-54CD-4791-9783-3C7BA41763B4}"
EndProject
Project("{8BC9CEB8-8B4A-11D0-8D11-00A0C91BC942}") = "SortingUnitTest", "SortingUnitTest\SortingUnitTest.vcxproj", "{7F43BD29-6F58-4BA1-8F88-D7E34E883F30}"
EndProject
Global
	GlobalSection(SolutionConfigurationPlatforms) = preSolution
		Debug|x64 = Debug|x64
		Debug|x86 = Debug|x86
		Release|x64 = Release|x64
		Release|x86 = Release|x86
	EndGlobalSection
	GlobalSection(ProjectConfigurationPlatforms) = postSolution
		{A73BE7DC-54CD-4791-9783-3C7BA41763B4}.Debug|x64.ActiveCfg = Debug|x64
		{A73BE7DC-54CD-4791-9783-3C7BA41763B4}.Debug|x64.Build.0 = Debug|x64
		{A73BE7DC-54CD-4791-9783-3C7BA41763B4}.Debug|x86.ActiveCfg = Debug|Win32
		{A73BE7DC-54CD-4791-9783-3C7BA41763B4}.Debug|x86.Build.0 = Debug|Win32
		{A73BE7DC-54CD-4791-9783-3C7BA41763B4}.Release|x64.ActiveCfg = Release|x64
		{A73BE7DC-54CD-4791-9783-3C7BA41763B4}.Release|x64.Build.0 = Release|x64
		{A73BE7DC-54CD-4791-9783-3C7BA41763B4}.Release|x86.ActiveCfg = Release|Win32
		{A73BE7DC-54CD-4791-9783-3C7BA41763B4}.Release|x86.Build.0 = Release|Win32
		{7F43BD29-6F58-4BA1-8F88-D7E34E883F30}.Debug|x64.ActiveCfg = Debug|x64
		{7F43BD29-6F58-4BA1-8F88-D7E34E883F30}.Debug|x64.Build.0 = Debug|x64
		{7F43BD29-6F58-4BA1-8F88-D7E34E883F30}.Debug|x86.ActiveCfg = Debug|Win32
		{7F43BD29-6F58-4BA1-8F88-D7E34E883F30}.Debug|x86.Build.0 = Debug|Win32
		{7F43BD29-6F58-4BA1-8F88-D7E34E883F30}.Release|x64.ActiveCfg = Release|x64
		{7F43BD29-6F58-4BA1-8F88-D7E34E883F30}.Release|x64.Build.0 = Release|x64
		{7F43BD29-6F58-4BA1-8F88-D7E34E883F30}.Release|x86.ActiveCfg = Release|Win32
		{7F43BD29-6F58-4BA1-8F88-D7E34E883F30}.Release|x86.Build.0 = Release|Win32
	EndGlobalSection
	GlobalSection(SolutionProperties) = preSolution
		HideSolutionNode = FALSE
	EndGlobalSection
	GlobalSection(ExtensibilityGlobals) = postSolution
		SolutionGuid = {801CCEAA-EE2C-4675-A774-CC201006D1B1}
	EndGlobalSection
EndGlobal
