
Microsoft Visual Studio Solution File, Format Version 12.00
# Visual Studio Version 16
VisualStudioVersion = 16.0.31624.102
MinimumVisualStudioVersion = 10.0.40219.1
Project("{8BC9CEB8-8B4A-11D0-8D11-00A0C91BC942}") = "lab01", "lab01\lab01.vcxproj", "{831647C3-668A-48A7-97B7-0130D088CA5E}"
EndProject
Project("{8BC9CEB8-8B4A-11D0-8D11-00A0C91BC942}") = "UnitTest", "UnitTest\UnitTest.vcxproj", "{E5336773-1D3A-4C96-AD27-904126F3DECC}"
	ProjectSection(ProjectDependencies) = postProject
		{831647C3-668A-48A7-97B7-0130D088CA5E} = {831647C3-668A-48A7-97B7-0130D088CA5E}
	EndProjectSection
EndProject
Global
	GlobalSection(SolutionConfigurationPlatforms) = preSolution
		Debug|x64 = Debug|x64
		Debug|x86 = Debug|x86
		Release|x64 = Release|x64
		Release|x86 = Release|x86
	EndGlobalSection
	GlobalSection(ProjectConfigurationPlatforms) = postSolution
		{831647C3-668A-48A7-97B7-0130D088CA5E}.Debug|x64.ActiveCfg = Debug|x64
		{831647C3-668A-48A7-97B7-0130D088CA5E}.Debug|x64.Build.0 = Debug|x64
		{831647C3-668A-48A7-97B7-0130D088CA5E}.Debug|x86.ActiveCfg = Debug|Win32
		{831647C3-668A-48A7-97B7-0130D088CA5E}.Debug|x86.Build.0 = Debug|Win32
		{831647C3-668A-48A7-97B7-0130D088CA5E}.Release|x64.ActiveCfg = Release|x64
		{831647C3-668A-48A7-97B7-0130D088CA5E}.Release|x64.Build.0 = Release|x64
		{831647C3-668A-48A7-97B7-0130D088CA5E}.Release|x86.ActiveCfg = Release|Win32
		{831647C3-668A-48A7-97B7-0130D088CA5E}.Release|x86.Build.0 = Release|Win32
		{E5336773-1D3A-4C96-AD27-904126F3DECC}.Debug|x64.ActiveCfg = Debug|x64
		{E5336773-1D3A-4C96-AD27-904126F3DECC}.Debug|x64.Build.0 = Debug|x64
		{E5336773-1D3A-4C96-AD27-904126F3DECC}.Debug|x86.ActiveCfg = Debug|Win32
		{E5336773-1D3A-4C96-AD27-904126F3DECC}.Debug|x86.Build.0 = Debug|Win32
		{E5336773-1D3A-4C96-AD27-904126F3DECC}.Release|x64.ActiveCfg = Release|x64
		{E5336773-1D3A-4C96-AD27-904126F3DECC}.Release|x64.Build.0 = Release|x64
		{E5336773-1D3A-4C96-AD27-904126F3DECC}.Release|x86.ActiveCfg = Release|Win32
		{E5336773-1D3A-4C96-AD27-904126F3DECC}.Release|x86.Build.0 = Release|Win32
	EndGlobalSection
	GlobalSection(SolutionProperties) = preSolution
		HideSolutionNode = FALSE
	EndGlobalSection
	GlobalSection(ExtensibilityGlobals) = postSolution
		SolutionGuid = {B8B51733-EAC9-45D7-854A-3E52DF8094AE}
	EndGlobalSection
EndGlobal
