
Microsoft Visual Studio Solution File, Format Version 12.00
# Visual Studio Version 16
VisualStudioVersion = 16.0.31624.102
MinimumVisualStudioVersion = 10.0.40219.1
Project("{8BC9CEB8-8B4A-11D0-8D11-00A0C91BC942}") = "Project1", "Project1.vcxproj", "{065530D2-23DA-43D6-89DA-58AD3206911E}"
EndProject
Project("{8BC9CEB8-8B4A-11D0-8D11-00A0C91BC942}") = "SortingTest", "..\SortingTest\SortingTest.vcxproj", "{39EB5CA9-EB40-4F38-BFE5-A82985DCDD4E}"
EndProject
Global
	GlobalSection(SolutionConfigurationPlatforms) = preSolution
		Debug|x64 = Debug|x64
		Debug|x86 = Debug|x86
		Release|x64 = Release|x64
		Release|x86 = Release|x86
	EndGlobalSection
	GlobalSection(ProjectConfigurationPlatforms) = postSolution
		{065530D2-23DA-43D6-89DA-58AD3206911E}.Debug|x64.ActiveCfg = Debug|x64
		{065530D2-23DA-43D6-89DA-58AD3206911E}.Debug|x64.Build.0 = Debug|x64
		{065530D2-23DA-43D6-89DA-58AD3206911E}.Debug|x86.ActiveCfg = Debug|Win32
		{065530D2-23DA-43D6-89DA-58AD3206911E}.Debug|x86.Build.0 = Debug|Win32
		{065530D2-23DA-43D6-89DA-58AD3206911E}.Release|x64.ActiveCfg = Release|x64
		{065530D2-23DA-43D6-89DA-58AD3206911E}.Release|x64.Build.0 = Release|x64
		{065530D2-23DA-43D6-89DA-58AD3206911E}.Release|x86.ActiveCfg = Release|Win32
		{065530D2-23DA-43D6-89DA-58AD3206911E}.Release|x86.Build.0 = Release|Win32
		{39EB5CA9-EB40-4F38-BFE5-A82985DCDD4E}.Debug|x64.ActiveCfg = Debug|x64
		{39EB5CA9-EB40-4F38-BFE5-A82985DCDD4E}.Debug|x64.Build.0 = Debug|x64
		{39EB5CA9-EB40-4F38-BFE5-A82985DCDD4E}.Debug|x86.ActiveCfg = Debug|Win32
		{39EB5CA9-EB40-4F38-BFE5-A82985DCDD4E}.Debug|x86.Build.0 = Debug|Win32
		{39EB5CA9-EB40-4F38-BFE5-A82985DCDD4E}.Release|x64.ActiveCfg = Release|x64
		{39EB5CA9-EB40-4F38-BFE5-A82985DCDD4E}.Release|x64.Build.0 = Release|x64
		{39EB5CA9-EB40-4F38-BFE5-A82985DCDD4E}.Release|x86.ActiveCfg = Release|Win32
		{39EB5CA9-EB40-4F38-BFE5-A82985DCDD4E}.Release|x86.Build.0 = Release|Win32
	EndGlobalSection
	GlobalSection(SolutionProperties) = preSolution
		HideSolutionNode = FALSE
	EndGlobalSection
	GlobalSection(ExtensibilityGlobals) = postSolution
		SolutionGuid = {234D14D8-5471-4FA2-8767-1D1EEEFD5F2F}
	EndGlobalSection
EndGlobal
